
Microsoft Visual Studio Solution File, Format Version 12.00
# Visual Studio Version 17
VisualStudioVersion = 17.5.33424.131
MinimumVisualStudioVersion = 10.0.40219.1
Project("{FAE04EC0-301F-11D3-BF4B-00C04F79EFBC}") = "app", "app\app.csproj", "{EBB60609-42C4-494B-A3A6-C1C9ADDD2496}"
EndProject
Global
	GlobalSection(SolutionConfigurationPlatforms) = preSolution
		Debug|Any CPU = Debug|Any CPU
		Release|Any CPU = Release|Any CPU
	EndGlobalSection
	GlobalSection(ProjectConfigurationPlatforms) = postSolution
		{EBB60609-42C4-494B-A3A6-C1C9ADDD2496}.Debug|Any CPU.ActiveCfg = Debug|Any CPU
		{EBB60609-42C4-494B-A3A6-C1C9ADDD2496}.Debug|Any CPU.Build.0 = Debug|Any CPU
		{EBB60609-42C4-494B-A3A6-C1C9ADDD2496}.Release|Any CPU.ActiveCfg = Release|Any CPU
		{EBB60609-42C4-494B-A3A6-C1C9ADDD2496}.Release|Any CPU.Build.0 = Release|Any CPU
	EndGlobalSection
	GlobalSection(SolutionProperties) = preSolution
		HideSolutionNode = FALSE
	EndGlobalSection
	GlobalSection(ExtensibilityGlobals) = postSolution
		SolutionGuid = {067C5980-0E2A-4A83-A70F-6CF1B6A4FA42}
	EndGlobalSection
EndGlobal
